
Microsoft Visual Studio Solution File, Format Version 12.00
# Visual Studio 15
VisualStudioVersion = 15.0.27428.2027
MinimumVisualStudioVersion = 10.0.40219.1
Project("{FAE04EC0-301F-11D3-BF4B-00C04F79EFBC}") = "DousEngine", "DousEngine\DousEngine.csproj", "{DFE55745-BFC5-4527-8577-EEBC5A388C4F}"
EndProject
Global
	GlobalSection(SolutionConfigurationPlatforms) = preSolution
		Debug|Any CPU = Debug|Any CPU
		Release|Any CPU = Release|Any CPU
	EndGlobalSection
	GlobalSection(ProjectConfigurationPlatforms) = postSolution
		{DFE55745-BFC5-4527-8577-EEBC5A388C4F}.Debug|Any CPU.ActiveCfg = Debug|Any CPU
		{DFE55745-BFC5-4527-8577-EEBC5A388C4F}.Debug|Any CPU.Build.0 = Debug|Any CPU
		{DFE55745-BFC5-4527-8577-EEBC5A388C4F}.Release|Any CPU.ActiveCfg = Release|Any CPU
		{DFE55745-BFC5-4527-8577-EEBC5A388C4F}.Release|Any CPU.Build.0 = Release|Any CPU
	EndGlobalSection
	GlobalSection(SolutionProperties) = preSolution
		HideSolutionNode = FALSE
	EndGlobalSection
	GlobalSection(ExtensibilityGlobals) = postSolution
		SolutionGuid = {D95BC782-89D7-4B23-A33B-B828002A12B4}
	EndGlobalSection
EndGlobal
